// !$*UTF8*$!
{
	archiveVersion = 1;
	classes = {
	};
	objectVersion = 51;
	objects = {

/* Begin PBXBuildFile section */
		04106604216AE184DDDE3701 /* Pods_CVChallenge.framework in Frameworks */ = {isa = PBXBuildFile; fileRef = 15A5DF41800EF3A6DE7EDC6F /* Pods_CVChallenge.framework */; };
		CF02BD4124AFFD18001C16F5 /* AppDelegate.swift in Sources */ = {isa = PBXBuildFile; fileRef = CF02BD4024AFFD18001C16F5 /* AppDelegate.swift */; };
		CF02BD4524AFFD18001C16F5 /* ViewController.swift in Sources */ = {isa = PBXBuildFile; fileRef = CF02BD4424AFFD18001C16F5 /* ViewController.swift */; };
		CF02BD4824AFFD18001C16F5 /* Main.storyboard in Resources */ = {isa = PBXBuildFile; fileRef = CF02BD4624AFFD18001C16F5 /* Main.storyboard */; };
		CF02BD4A24AFFD1A001C16F5 /* Assets.xcassets in Resources */ = {isa = PBXBuildFile; fileRef = CF02BD4924AFFD1A001C16F5 /* Assets.xcassets */; };
		CF02BD4D24AFFD1A001C16F5 /* LaunchScreen.storyboard in Resources */ = {isa = PBXBuildFile; fileRef = CF02BD4B24AFFD1A001C16F5 /* LaunchScreen.storyboard */; };
		CF02BD5524B000D3001C16F5 /* CVChallengeCell.swift in Sources */ = {isa = PBXBuildFile; fileRef = CF02BD5424B000D3001C16F5 /* CVChallengeCell.swift */; };
		CFC1952B24B1E302001DE866 /* Model.swift in Sources */ = {isa = PBXBuildFile; fileRef = CFC1952A24B1E302001DE866 /* Model.swift */; };
/* End PBXBuildFile section */

/* Begin PBXFileReference section */
		01F7901160CDF59BCA9E8521 /* Pods-CVChallenge.debug.xcconfig */ = {isa = PBXFileReference; includeInIndex = 1; lastKnownFileType = text.xcconfig; name = "Pods-CVChallenge.debug.xcconfig"; path = "Target Support Files/Pods-CVChallenge/Pods-CVChallenge.debug.xcconfig"; sourceTree = "<group>"; };
		15A5DF41800EF3A6DE7EDC6F /* Pods_CVChallenge.framework */ = {isa = PBXFileReference; explicitFileType = wrapper.framework; includeInIndex = 0; path = Pods_CVChallenge.framework; sourceTree = BUILT_PRODUCTS_DIR; };
		5C8A385EBDE6E51A9963851D /* Pods-CVChallenge.release.xcconfig */ = {isa = PBXFileReference; includeInIndex = 1; lastKnownFileType = text.xcconfig; name = "Pods-CVChallenge.release.xcconfig"; path = "Target Support Files/Pods-CVChallenge/Pods-CVChallenge.release.xcconfig"; sourceTree = "<group>"; };
		CF02BD3D24AFFD18001C16F5 /* CVChallenge.app */ = {isa = PBXFileReference; explicitFileType = wrapper.application; includeInIndex = 0; path = CVChallenge.app; sourceTree = BUILT_PRODUCTS_DIR; };
		CF02BD4024AFFD18001C16F5 /* AppDelegate.swift */ = {isa = PBXFileReference; lastKnownFileType = sourcecode.swift; path = AppDelegate.swift; sourceTree = "<group>"; };
		CF02BD4424AFFD18001C16F5 /* ViewController.swift */ = {isa = PBXFileReference; lastKnownFileType = sourcecode.swift; path = ViewController.swift; sourceTree = "<group>"; };
		CF02BD4724AFFD18001C16F5 /* Base */ = {isa = PBXFileReference; lastKnownFileType = file.storyboard; name = Base; path = Base.lproj/Main.storyboard; sourceTree = "<group>"; };
		CF02BD4924AFFD1A001C16F5 /* Assets.xcassets */ = {isa = PBXFileReference; lastKnownFileType = folder.assetcatalog; path = Assets.xcassets; sourceTree = "<group>"; };
		CF02BD4C24AFFD1A001C16F5 /* Base */ = {isa = PBXFileReference; lastKnownFileType = file.storyboard; name = Base; path = Base.lproj/LaunchScreen.storyboard; sourceTree = "<group>"; };
		CF02BD4E24AFFD1A001C16F5 /* Info.plist */ = {isa = PBXFileReference; lastKnownFileType = text.plist.xml; path = Info.plist; sourceTree = "<group>"; };
		CF02BD5424B000D3001C16F5 /* CVChallengeCell.swift */ = {isa = PBXFileReference; lastKnownFileType = sourcecode.swift; path = CVChallengeCell.swift; sourceTree = "<group>"; };
		CFC1952A24B1E302001DE866 /* Model.swift */ = {isa = PBXFileReference; lastKnownFileType = sourcecode.swift; path = Model.swift; sourceTree = "<group>"; };
/* End PBXFileReference section */

/* Begin PBXFrameworksBuildPhase section */
		CF02BD3A24AFFD18001C16F5 /* Frameworks */ = {
			isa = PBXFrameworksBuildPhase;
			buildActionMask = 2147483647;
			files = (
				04106604216AE184DDDE3701 /* Pods_CVChallenge.framework in Frameworks */,
			);
			runOnlyForDeploymentPostprocessing = 0;
		};
/* End PBXFrameworksBuildPhase section */

/* Begin PBXGroup section */
		B7D44CFAC69E3A9AEE58EFDD /* Frameworks */ = {
			isa = PBXGroup;
			children = (
				15A5DF41800EF3A6DE7EDC6F /* Pods_CVChallenge.framework */,
			);
			name = Frameworks;
			sourceTree = "<group>";
		};
		C51FA6621E4F9363386DB1BF /* Pods */ = {
			isa = PBXGroup;
			children = (
				01F7901160CDF59BCA9E8521 /* Pods-CVChallenge.debug.xcconfig */,
				5C8A385EBDE6E51A9963851D /* Pods-CVChallenge.release.xcconfig */,
			);
			path = Pods;
			sourceTree = "<group>";
		};
		CF02BD3424AFFD18001C16F5 = {
			isa = PBXGroup;
			children = (
				CF02BD3F24AFFD18001C16F5 /* CVChallenge */,
				CF02BD3E24AFFD18001C16F5 /* Products */,
				C51FA6621E4F9363386DB1BF /* Pods */,
				B7D44CFAC69E3A9AEE58EFDD /* Frameworks */,
			);
			sourceTree = "<group>";
		};
		CF02BD3E24AFFD18001C16F5 /* Products */ = {
			isa = PBXGroup;
			children = (
				CF02BD3D24AFFD18001C16F5 /* CVChallenge.app */,
			);
			name = Products;
			sourceTree = "<group>";
		};
		CF02BD3F24AFFD18001C16F5 /* CVChallenge */ = {
			isa = PBXGroup;
			children = (
				CF02BD4024AFFD18001C16F5 /* AppDelegate.swift */,
				CF02BD4424AFFD18001C16F5 /* ViewController.swift */,
				CF02BD4624AFFD18001C16F5 /* Main.storyboard */,
				CF02BD4924AFFD1A001C16F5 /* Assets.xcassets */,
				CF02BD4B24AFFD1A001C16F5 /* LaunchScreen.storyboard */,
				CF02BD4E24AFFD1A001C16F5 /* Info.plist */,
				CF02BD5424B000D3001C16F5 /* CVChallengeCell.swift */,
				CFC1952A24B1E302001DE866 /* Model.swift */,
			);
			path = CVChallenge;
			sourceTree = "<group>";
		};
/* End PBXGroup section */

/* Begin PBXNativeTarget section */
		CF02BD3C24AFFD18001C16F5 /* CVChallenge */ = {
			isa = PBXNativeTarget;
			buildConfigurationList = CF02BD5124AFFD1A001C16F5 /* Build configuration list for PBXNativeTarget "CVChallenge" */;
			buildPhases = (
				0B0DAAB0F1BF22309D5EC2BB /* [CP] Check Pods Manifest.lock */,
				CF02BD3924AFFD18001C16F5 /* Sources */,
				CF02BD3A24AFFD18001C16F5 /* Frameworks */,
				CF02BD3B24AFFD18001C16F5 /* Resources */,
				31824820536B5043102586C2 /* [CP] Embed Pods Frameworks */,
			);
			buildRules = (
			);
			dependencies = (
			);
			name = CVChallenge;
			productName = CVChallenge;
			productReference = CF02BD3D24AFFD18001C16F5 /* CVChallenge.app */;
			productType = "com.apple.product-type.application";
		};
/* End PBXNativeTarget section */

/* Begin PBXProject section */
		CF02BD3524AFFD18001C16F5 /* Project object */ = {
			isa = PBXProject;
			attributes = {
				LastSwiftUpdateCheck = 1150;
				LastUpgradeCheck = 1150;
				ORGANIZATIONNAME = mtbfilho;
				TargetAttributes = {
					CF02BD3C24AFFD18001C16F5 = {
						CreatedOnToolsVersion = 11.5;
					};
				};
			};
			buildConfigurationList = CF02BD3824AFFD18001C16F5 /* Build configuration list for PBXProject "CVChallenge" */;
			compatibilityVersion = "Xcode 9.3";
			developmentRegion = en;
			hasScannedForEncodings = 0;
			knownRegions = (
				en,
				Base,
			);
			mainGroup = CF02BD3424AFFD18001C16F5;
			productRefGroup = CF02BD3E24AFFD18001C16F5 /* Products */;
			projectDirPath = "";
			projectRoot = "";
			targets = (
				CF02BD3C24AFFD18001C16F5 /* CVChallenge */,
			);
		};
/* End PBXProject section */

/* Begin PBXResourcesBuildPhase section */
		CF02BD3B24AFFD18001C16F5 /* Resources */ = {
			isa = PBXResourcesBuildPhase;
			buildActionMask = 2147483647;
			files = (
				CF02BD4D24AFFD1A001C16F5 /* LaunchScreen.storyboard in Resources */,
				CF02BD4A24AFFD1A001C16F5 /* Assets.xcassets in Resources */,
				CF02BD4824AFFD18001C16F5 /* Main.storyboard in Resources */,
			);
			runOnlyForDeploymentPostprocessing = 0;
		};
/* End PBXResourcesBuildPhase section */

/* Begin PBXShellScriptBuildPhase section */
		0B0DAAB0F1BF22309D5EC2BB /* [CP] Check Pods Manifest.lock */ = {
			isa = PBXShellScriptBuildPhase;
			buildActionMask = 2147483647;
			files = (
			);
			inputFileListPaths = (
			);
			inputPaths = (
				"${PODS_PODFILE_DIR_PATH}/Podfile.lock",
				"${PODS_ROOT}/Manifest.lock",
			);
			name = "[CP] Check Pods Manifest.lock";
			outputFileListPaths = (
			);
			outputPaths = (
				"$(DERIVED_FILE_DIR)/Pods-CVChallenge-checkManifestLockResult.txt",
			);
			runOnlyForDeploymentPostprocessing = 0;
			shellPath = /bin/sh;
			shellScript = "diff \"${PODS_PODFILE_DIR_PATH}/Podfile.lock\" \"${PODS_ROOT}/Manifest.lock\" > /dev/null\nif [ $? != 0 ] ; then\n    # print error to STDERR\n    echo \"error: The sandbox is not in sync with the Podfile.lock. Run 'pod install' or update your CocoaPods installation.\" >&2\n    exit 1\nfi\n# This output is used by Xcode 'outputs' to avoid re-running this script phase.\necho \"SUCCESS\" > \"${SCRIPT_OUTPUT_FILE_0}\"\n";
			showEnvVarsInLog = 0;
		};
		31824820536B5043102586C2 /* [CP] Embed Pods Frameworks */ = {
			isa = PBXShellScriptBuildPhase;
			buildActionMask = 2147483647;
			files = (
			);
			inputFileListPaths = (
				"${PODS_ROOT}/Target Support Files/Pods-CVChallenge/Pods-CVChallenge-frameworks-${CONFIGURATION}-input-files.xcfilelist",
			);
			name = "[CP] Embed Pods Frameworks";
			outputFileListPaths = (
				"${PODS_ROOT}/Target Support Files/Pods-CVChallenge/Pods-CVChallenge-frameworks-${CONFIGURATION}-output-files.xcfilelist",
			);
			runOnlyForDeploymentPostprocessing = 0;
			shellPath = /bin/sh;
			shellScript = "\"${PODS_ROOT}/Target Support Files/Pods-CVChallenge/Pods-CVChallenge-frameworks.sh\"\n";
			showEnvVarsInLog = 0;
		};
/* End PBXShellScriptBuildPhase section */

/* Begin PBXSourcesBuildPhase section */
		CF02BD3924AFFD18001C16F5 /* Sources */ = {
			isa = PBXSourcesBuildPhase;
			buildActionMask = 2147483647;
			files = (
				CF02BD4524AFFD18001C16F5 /* ViewController.swift in Sources */,
				CF02BD5524B000D3001C16F5 /* CVChallengeCell.swift in Sources */,
				CF02BD4124AFFD18001C16F5 /* AppDelegate.swift in Sources */,
				CFC1952B24B1E302001DE866 /* Model.swift in Sources */,
			);
			runOnlyForDeploymentPostprocessing = 0;
		};
/* End PBXSourcesBuildPhase section */

/* Begin PBXVariantGroup section */
		CF02BD4624AFFD18001C16F5 /* Main.storyboard */ = {
			isa = PBXVariantGroup;
			children = (
				CF02BD4724AFFD18001C16F5 /* Base */,
			);
			name = Main.storyboard;
			sourceTree = "<group>";
		};
		CF02BD4B24AFFD1A001C16F5 /* LaunchScreen.storyboard */ = {
			isa = PBXVariantGroup;
			children = (
				CF02BD4C24AFFD1A001C16F5 /* Base */,
			);
			name = LaunchScreen.storyboard;
			sourceTree = "<group>";
		};
/* End PBXVariantGroup section */

/* Begin XCBuildConfiguration section */
		CF02BD4F24AFFD1A001C16F5 /* Debug */ = {
			isa = XCBuildConfiguration;
			buildSettings = {
				ALWAYS_SEARCH_USER_PATHS = NO;
				CLANG_ANALYZER_NONNULL = YES;
				CLANG_ANALYZER_NUMBER_OBJECT_CONVERSION = YES_AGGRESSIVE;
				CLANG_CXX_LANGUAGE_STANDARD = "gnu++14";
				CLANG_CXX_LIBRARY = "libc++";
				CLANG_ENABLE_MODULES = YES;
				CLANG_ENABLE_OBJC_ARC = YES;
				CLANG_ENABLE_OBJC_WEAK = YES;
				CLANG_WARN_BLOCK_CAPTURE_AUTORELEASING = YES;
				CLANG_WARN_BOOL_CONVERSION = YES;
				CLANG_WARN_COMMA = YES;
				CLANG_WARN_CONSTANT_CONVERSION = YES;
				CLANG_WARN_DEPRECATED_OBJC_IMPLEMENTATIONS = YES;
				CLANG_WARN_DIRECT_OBJC_ISA_USAGE = YES_ERROR;
				CLANG_WARN_DOCUMENTATION_COMMENTS = YES;
				CLANG_WARN_EMPTY_BODY = YES;
				CLANG_WARN_ENUM_CONVERSION = YES;
				CLANG_WARN_INFINITE_RECURSION = YES;
				CLANG_WARN_INT_CONVERSION = YES;
				CLANG_WARN_NON_LITERAL_NULL_CONVERSION = YES;
				CLANG_WARN_OBJC_IMPLICIT_RETAIN_SELF = YES;
				CLANG_WARN_OBJC_LITERAL_CONVERSION = YES;
				CLANG_WARN_OBJC_ROOT_CLASS = YES_ERROR;
				CLANG_WARN_RANGE_LOOP_ANALYSIS = YES;
				CLANG_WARN_STRICT_PROTOTYPES = YES;
				CLANG_WARN_SUSPICIOUS_MOVE = YES;
				CLANG_WARN_UNGUARDED_AVAILABILITY = YES_AGGRESSIVE;
				CLANG_WARN_UNREACHABLE_CODE = YES;
				CLANG_WARN__DUPLICATE_METHOD_MATCH = YES;
				COPY_PHASE_STRIP = NO;
				DEBUG_INFORMATION_FORMAT = dwarf;
				ENABLE_STRICT_OBJC_MSGSEND = YES;
				ENABLE_TESTABILITY = YES;
				GCC_C_LANGUAGE_STANDARD = gnu11;
				GCC_DYNAMIC_NO_PIC = NO;
				GCC_NO_COMMON_BLOCKS = YES;
				GCC_OPTIMIZATION_LEVEL = 0;
				GCC_PREPROCESSOR_DEFINITIONS = (
					"DEBUG=1",
					"$(inherited)",
				);
				GCC_WARN_64_TO_32_BIT_CONVERSION = YES;
				GCC_WARN_ABOUT_RETURN_TYPE = YES_ERROR;
				GCC_WARN_UNDECLARED_SELECTOR = YES;
				GCC_WARN_UNINITIALIZED_AUTOS = YES_AGGRESSIVE;
				GCC_WARN_UNUSED_FUNCTION = YES;
				GCC_WARN_UNUSED_VARIABLE = YES;
				IPHONEOS_DEPLOYMENT_TARGET = 13.5;
				MTL_ENABLE_DEBUG_INFO = INCLUDE_SOURCE;
				MTL_FAST_MATH = YES;
				ONLY_ACTIVE_ARCH = YES;
				SDKROOT = iphoneos;
				SWIFT_ACTIVE_COMPILATION_CONDITIONS = DEBUG;
				SWIFT_OPTIMIZATION_LEVEL = "-Onone";
			};
			name = Debug;
		};
		CF02BD5024AFFD1A001C16F5 /* Release */ = {
			isa = XCBuildConfiguration;
			buildSettings = {
				ALWAYS_SEARCH_USER_PATHS = NO;
				CLANG_ANALYZER_NONNULL = YES;
				CLANG_ANALYZER_NUMBER_OBJECT_CONVERSION = YES_AGGRESSIVE;
				CLANG_CXX_LANGUAGE_STANDARD = "gnu++14";
				CLANG_CXX_LIBRARY = "libc++";
				CLANG_ENABLE_MODULES = YES;
				CLANG_ENABLE_OBJC_ARC = YES;
				CLANG_ENABLE_OBJC_WEAK = YES;
				CLANG_WARN_BLOCK_CAPTURE_AUTORELEASING = YES;
				CLANG_WARN_BOOL_CONVERSION = YES;
				CLANG_WARN_COMMA = YES;
				CLANG_WARN_CONSTANT_CONVERSION = YES;
				CLANG_WARN_DEPRECATED_OBJC_IMPLEMENTATIONS = YES;
				CLANG_WARN_DIRECT_OBJC_ISA_USAGE = YES_ERROR;
				CLANG_WARN_DOCUMENTATION_COMMENTS = YES;
				CLANG_WARN_EMPTY_BODY = YES;
				CLANG_WARN_ENUM_CONVERSION = YES;
				CLANG_WARN_INFINITE_RECURSION = YES;
				CLANG_WARN_INT_CONVERSION = YES;
				CLANG_WARN_NON_LITERAL_NULL_CONVERSION = YES;
				CLANG_WARN_OBJC_IMPLICIT_RETAIN_SELF = YES;
				CLANG_WARN_OBJC_LITERAL_CONVERSION = YES;
				CLANG_WARN_OBJC_ROOT_CLASS = YES_ERROR;
				CLANG_WARN_RANGE_LOOP_ANALYSIS = YES;
				CLANG_WARN_STRICT_PROTOTYPES = YES;
				CLANG_WARN_SUSPICIOUS_MOVE = YES;
				CLANG_WARN_UNGUARDED_AVAILABILITY = YES_AGGRESSIVE;
				CLANG_WARN_UNREACHABLE_CODE = YES;
				CLANG_WARN__DUPLICATE_METHOD_MATCH = YES;
				COPY_PHASE_STRIP = NO;
				DEBUG_INFORMATION_FORMAT = "dwarf-with-dsym";
				ENABLE_NS_ASSERTIONS = NO;
				ENABLE_STRICT_OBJC_MSGSEND = YES;
				GCC_C_LANGUAGE_STANDARD = gnu11;
				GCC_NO_COMMON_BLOCKS = YES;
				GCC_WARN_64_TO_32_BIT_CONVERSION = YES;
				GCC_WARN_ABOUT_RETURN_TYPE = YES_ERROR;
				GCC_WARN_UNDECLARED_SELECTOR = YES;
				GCC_WARN_UNINITIALIZED_AUTOS = YES_AGGRESSIVE;
				GCC_WARN_UNUSED_FUNCTION = YES;
				GCC_WARN_UNUSED_VARIABLE = YES;
				IPHONEOS_DEPLOYMENT_TARGET = 13.5;
				MTL_ENABLE_DEBUG_INFO = NO;
				MTL_FAST_MATH = YES;
				SDKROOT = iphoneos;
				SWIFT_COMPILATION_MODE = wholemodule;
				SWIFT_OPTIMIZATION_LEVEL = "-O";
				VALIDATE_PRODUCT = YES;
			};
			name = Release;
		};
		CF02BD5224AFFD1A001C16F5 /* Debug */ = {
			isa = XCBuildConfiguration;
			baseConfigurationReference = 01F7901160CDF59BCA9E8521 /* Pods-CVChallenge.debug.xcconfig */;
			buildSettings = {
				ASSETCATALOG_COMPILER_APPICON_NAME = AppIcon;
				CODE_SIGN_STYLE = Automatic;
				DEVELOPMENT_TEAM = L997527VC7;
				INFOPLIST_FILE = CVChallenge/Info.plist;
				IPHONEOS_DEPLOYMENT_TARGET = 12.4;
				LD_RUNPATH_SEARCH_PATHS = (
					"$(inherited)",
					"@executable_path/Frameworks",
				);
				PRODUCT_BUNDLE_IDENTIFIER = mtbf.CVChallenge;
				PRODUCT_NAME = "$(TARGET_NAME)";
				SWIFT_VERSION = 5.0;
				TARGETED_DEVICE_FAMILY = "1,2";
			};
			name = Debug;
		};
		CF02BD5324AFFD1A001C16F5 /* Release */ = {
			isa = XCBuildConfiguration;
			baseConfigurationReference = 5C8A385EBDE6E51A9963851D /* Pods-CVChallenge.release.xcconfig */;
			buildSettings = {
				ASSETCATALOG_COMPILER_APPICON_NAME = AppIcon;
				CODE_SIGN_STYLE = Automatic;
				DEVELOPMENT_TEAM = L997527VC7;
				INFOPLIST_FILE = CVChallenge/Info.plist;
				IPHONEOS_DEPLOYMENT_TARGET = 12.4;
				LD_RUNPATH_SEARCH_PATHS = (
					"$(inherited)",
					"@executable_path/Frameworks",
				);
				PRODUCT_BUNDLE_IDENTIFIER = mtbf.CVChallenge;
				PRODUCT_NAME = "$(TARGET_NAME)";
				SWIFT_VERSION = 5.0;
				TARGETED_DEVICE_FAMILY = "1,2";
			};
			name = Release;
		};
/* End XCBuildConfiguration section */

/* Begin XCConfigurationList section */
		CF02BD3824AFFD18001C16F5 /* Build configuration list for PBXProject "CVChallenge" */ = {
			isa = XCConfigurationList;
			buildConfigurations = (
				CF02BD4F24AFFD1A001C16F5 /* Debug */,
				CF02BD5024AFFD1A001C16F5 /* Release */,
			);
			defaultConfigurationIsVisible = 0;
			defaultConfigurationName = Release;
		};
		CF02BD5124AFFD1A001C16F5 /* Build configuration list for PBXNativeTarget "CVChallenge" */ = {
			isa = XCConfigurationList;
			buildConfigurations = (
				CF02BD5224AFFD1A001C16F5 /* Debug */,
				CF02BD5324AFFD1A001C16F5 /* Release */,
			);
			defaultConfigurationIsVisible = 0;
			defaultConfigurationName = Release;
		};
/* End XCConfigurationList section */
	};
	rootObject = CF02BD3524AFFD18001C16F5 /* Project object */;
}
